<?xml version="1.0" encoding="utf-8"?>
<Project ToolsVersion="4.0" xmlns="http://schemas.microsoft.com/developer/msbuild/2003">
  <ItemGroup>
    <Filter Include="Source Files">
      <UniqueIdentifier>{4FC737F1-C7A5-4376-A066-2A32D752A2FF}</UniqueIdentifier>
      <Extensions>cpp;c;cc;cxx;def;odl;idl;hpj;bat;asm;asmx</Extensions>
    </Filter>
    <Filter Include="Header Files">
      <UniqueIdentifier>{93995380-89BD-4b04-88EB-625FBE52EBFB}</UniqueIdentifier>
      <Extensions>h;hh;hpp;hxx;hm;inl;inc;xsd</Extensions>
    </Filter>
    <Filter Include="Resource Files">
      <UniqueIdentifier>{67DA6AB6-F800-4c08-8B7A-83BB121AAD01}</UniqueIdentifier>
      <Extensions>rc;ico;cur;bmp;dlg;rc2;rct;bin;rgs;gif;jpg;jpeg;jpe;resx;tiff;tif;png;wav;mfcribbon-ms</Extensions>
    </Filter>
    <Filter Include="Source Files\Core">
      <UniqueIdentifier>{13f53e71-a731-405d-a16a-45fdc99d698d}</UniqueIdentifier>
    </Filter>
    <Filter Include="Source Files\Renderer">
      <UniqueIdentifier>{0a2cb3bc-3876-4ee6-b85d-5f002838f1fb}</UniqueIdentifier>
    </Filter>
    <Filter Include="Header Files\Core">
      <UniqueIdentifier>{e768fe49-a709-4492-9486-7bebb5ac7484}</UniqueIdentifier>
    </Filter>
    <Filter Include="Header Files\Renderer">
      <UniqueIdentifier>{176e90d0-c0d5-4ee1-a6a6-8caa1c9e64bc}</UniqueIdentifier>
    </Filter>
    <Filter Include="Resource Files\Shaders">
      <UniqueIdentifier>{39b4f142-5384-4fd7-8d20-6044468ae240}</UniqueIdentifier>
    </Filter>
    <Filter Include="Resource Files\imgui">
      <UniqueIdentifier>{89a3d258-a339-4045-b933-e4cb75abb7de}</UniqueIdentifier>
    </Filter>
    <Filter Include="Header Files\Helpers">
      <UniqueIdentifier>{a4edfd76-dac2-4794-88ee-31e56c133e29}</UniqueIdentifier>
    </Filter>
    <Filter Include="Source Files\Helpers">
      <UniqueIdentifier>{02298896-7e50-46fb-8d72-408927a1c0e4}</UniqueIdentifier>
    </Filter>
  </ItemGroup>
  <ItemGroup>
    <ClCompile Include="src\main.cpp">
      <Filter>Source Files</Filter>
    </ClCompile>
    <ClCompile Include="src\CoreAssetManager.cpp">
      <Filter>Source Files\Core</Filter>
    </ClCompile>
    <ClCompile Include="src\VertexEngineCore.cpp">
      <Filter>Source Files\Core</Filter>
    </ClCompile>
    <ClCompile Include="src\Renderer.cpp">
      <Filter>Source Files\Renderer</Filter>
    </ClCompile>
    <ClCompile Include="src\Model.cpp">
      <Filter>Source Files\Renderer</Filter>
    </ClCompile>
    <ClCompile Include="src\Window.cpp">
      <Filter>Source Files\Core</Filter>
    </ClCompile>
    <ClCompile Include="src\Scene.cpp">
      <Filter>Source Files\Renderer</Filter>
    </ClCompile>
    <ClCompile Include="src\SceneNode.cpp">
      <Filter>Source Files\Renderer</Filter>
    </ClCompile>
    <ClCompile Include="src\Camera.cpp">
      <Filter>Source Files\Renderer</Filter>
    </ClCompile>
    <ClCompile Include="src\PerspectiveCamera.cpp">
      <Filter>Source Files\Renderer</Filter>
    </ClCompile>
    <ClCompile Include="src\OrthographicCamera.cpp">
      <Filter>Source Files\Renderer</Filter>
    </ClCompile>
    <ClCompile Include="src\DirectionalLight.cpp">
      <Filter>Source Files\Renderer</Filter>
    </ClCompile>
    <ClCompile Include="src\GeomPrimitive.cpp">
      <Filter>Source Files\Renderer</Filter>
    </ClCompile>
    <ClCompile Include="src\Material.cpp">
      <Filter>Source Files\Renderer</Filter>
    </ClCompile>
    <ClCompile Include="src\ParticleEffect.cpp">
      <Filter>Source Files\Renderer</Filter>
    </ClCompile>
    <ClCompile Include="src\PointLight.cpp">
      <Filter>Source Files\Renderer</Filter>
    </ClCompile>
    <ClCompile Include="src\PostprocessEffect.cpp">
      <Filter>Source Files\Renderer</Filter>
    </ClCompile>
    <ClCompile Include="src\Shader.cpp">
      <Filter>Source Files\Renderer</Filter>
    </ClCompile>
    <ClCompile Include="src\SpotLight.cpp">
      <Filter>Source Files\Renderer</Filter>
    </ClCompile>
    <ClCompile Include="src\Texture.cpp">
      <Filter>Source Files\Renderer</Filter>
    </ClCompile>
    <ClCompile Include="src\Time.cpp">
      <Filter>Source Files\Core</Filter>
    </ClCompile>
    <ClCompile Include="src\Input.cpp">
      <Filter>Source Files\Core</Filter>
    </ClCompile>
    <ClCompile Include="src\SimpleGame.cpp">
      <Filter>Source Files</Filter>
    </ClCompile>
    <ClCompile Include="src\Mesh.cpp">
      <Filter>Source Files\Renderer</Filter>
    </ClCompile>
    <ClCompile Include="src\CoreServices.cpp">
      <Filter>Source Files\Core</Filter>
    </ClCompile>
    <ClCompile Include="include\imgui\imgui.cpp">
      <Filter>Resource Files\imgui</Filter>
    </ClCompile>
    <ClCompile Include="include\imgui\imgui_demo.cpp">
      <Filter>Resource Files\imgui</Filter>
    </ClCompile>
    <ClCompile Include="include\imgui\imgui_draw.cpp">
      <Filter>Resource Files\imgui</Filter>
    </ClCompile>
    <ClCompile Include="include\imgui\imgui_impl_sdl.cpp">
      <Filter>Resource Files\imgui</Filter>
    </ClCompile>
    <ClCompile Include="src\FreeCamera.cpp">
      <Filter>Source Files\Renderer</Filter>
    </ClCompile>
    <ClCompile Include="src\ShaderManager.cpp">
      <Filter>Source Files\Core</Filter>
    </ClCompile>
    <ClCompile Include="src\watch_ptr.cpp">
      <Filter>Source Files\Helpers</Filter>
    </ClCompile>
    <ClCompile Include="src\ClothDemo.cpp">
      <Filter>Source Files</Filter>
    </ClCompile>
    <ClCompile Include="src\MultiDrawIndirectDemo.cpp">
      <Filter>Source Files</Filter>
    </ClCompile>
    <ClCompile Include="src\ParticlesDemo.cpp">
      <Filter>Source Files</Filter>
    </ClCompile>
    <ClCompile Include="src\ReflectionsDemo.cpp">
      <Filter>Source Files</Filter>
    </ClCompile>
    <ClCompile Include="src\Skybox.cpp">
      <Filter>Source Files\Renderer</Filter>
    </ClCompile>
    <ClCompile Include="src\Cloth.cpp">
      <Filter>Source Files\Renderer</Filter>
    </ClCompile>
  </ItemGroup>
  <ItemGroup>
    <ClInclude Include="src\BaseGame.h">
      <Filter>Header Files\Core</Filter>
    </ClInclude>
    <ClInclude Include="src\CoreAssetManager.h">
      <Filter>Header Files\Core</Filter>
    </ClInclude>
    <ClInclude Include="src\VertexEngineCore.h">
      <Filter>Header Files\Core</Filter>
    </ClInclude>
    <ClInclude Include="src\Window.h">
      <Filter>Header Files\Core</Filter>
    </ClInclude>
    <ClInclude Include="src\Model.h">
      <Filter>Header Files\Renderer</Filter>
    </ClInclude>
    <ClInclude Include="src\Renderer.h">
      <Filter>Header Files\Renderer</Filter>
    </ClInclude>
    <ClInclude Include="src\Scene.h">
      <Filter>Header Files\Renderer</Filter>
    </ClInclude>
    <ClInclude Include="src\SceneNode.h">
      <Filter>Header Files\Renderer</Filter>
    </ClInclude>
    <ClInclude Include="src\Camera.h">
      <Filter>Header Files\Renderer</Filter>
    </ClInclude>
    <ClInclude Include="src\PerspectiveCamera.h">
      <Filter>Header Files\Renderer</Filter>
    </ClInclude>
    <ClInclude Include="src\OrthographicCamera.h">
      <Filter>Header Files\Renderer</Filter>
    </ClInclude>
    <ClInclude Include="src\DirectionalLight.h">
      <Filter>Header Files\Renderer</Filter>
    </ClInclude>
    <ClInclude Include="src\GeomPrimitive.h">
      <Filter>Header Files\Renderer</Filter>
    </ClInclude>
    <ClInclude Include="src\Material.h">
      <Filter>Header Files\Renderer</Filter>
    </ClInclude>
    <ClInclude Include="src\PointLight.h">
      <Filter>Header Files\Renderer</Filter>
    </ClInclude>
    <ClInclude Include="src\PostprocessEffect.h">
      <Filter>Header Files\Renderer</Filter>
    </ClInclude>
    <ClInclude Include="src\Shader.h">
      <Filter>Header Files\Renderer</Filter>
    </ClInclude>
    <ClInclude Include="src\SpotLight.h">
      <Filter>Header Files\Renderer</Filter>
    </ClInclude>
    <ClInclude Include="src\Texture.h">
      <Filter>Header Files\Renderer</Filter>
    </ClInclude>
    <ClInclude Include="src\ParticleEffect.h">
      <Filter>Header Files\Renderer</Filter>
    </ClInclude>
    <ClInclude Include="src\Time.h">
      <Filter>Header Files\Core</Filter>
    </ClInclude>
    <ClInclude Include="src\Input.h">
      <Filter>Header Files\Core</Filter>
    </ClInclude>
    <ClInclude Include="src\SimpleGame.h">
      <Filter>Header Files</Filter>
    </ClInclude>
    <ClInclude Include="src\Mesh.h">
      <Filter>Header Files\Renderer</Filter>
    </ClInclude>
    <ClInclude Include="src\CoreServices.h">
      <Filter>Header Files\Core</Filter>
    </ClInclude>
    <ClInclude Include="include\imgui\imconfig.h">
      <Filter>Resource Files\imgui</Filter>
    </ClInclude>
    <ClInclude Include="include\imgui\imgui.h">
      <Filter>Resource Files\imgui</Filter>
    </ClInclude>
    <ClInclude Include="include\imgui\imgui_impl_sdl.h">
      <Filter>Resource Files\imgui</Filter>
    </ClInclude>
    <ClInclude Include="include\imgui\imgui_internal.h">
      <Filter>Resource Files\imgui</Filter>
    </ClInclude>
    <ClInclude Include="include\imgui\stb_rect_pack.h">
      <Filter>Resource Files\imgui</Filter>
    </ClInclude>
    <ClInclude Include="include\imgui\stb_textedit.h">
      <Filter>Resource Files\imgui</Filter>
    </ClInclude>
    <ClInclude Include="include\imgui\stb_truetype.h">
      <Filter>Resource Files\imgui</Filter>
    </ClInclude>
    <ClInclude Include="src\FreeCamera.h">
      <Filter>Header Files\Renderer</Filter>
    </ClInclude>
    <ClInclude Include="src\DebugOutputGL.h">
      <Filter>Header Files\Core</Filter>
    </ClInclude>
    <ClInclude Include="src\ShaderManager.h">
      <Filter>Header Files\Core</Filter>
    </ClInclude>
    <ClInclude Include="src\watch_ptr.h">
      <Filter>Header Files\Helpers</Filter>
    </ClInclude>
    <ClInclude Include="src\ClothDemo.h">
      <Filter>Header Files</Filter>
    </ClInclude>
    <ClInclude Include="src\MultiDrawIndirectDemo.h">
      <Filter>Header Files</Filter>
    </ClInclude>
    <ClInclude Include="src\ParticlesDemo.h">
      <Filter>Header Files</Filter>
    </ClInclude>
    <ClInclude Include="src\ReflectionsDemo.h">
      <Filter>Header Files</Filter>
    </ClInclude>
    <ClInclude Include="src\Skybox.h">
      <Filter>Header Files\Renderer</Filter>
    </ClInclude>
    <ClInclude Include="src\Cloth.h">
      <Filter>Header Files\Renderer</Filter>
    </ClInclude>
  </ItemGroup>
  <ItemGroup>
    <None Include="res\shaders\Basic.vert">
      <Filter>Resource Files\Shaders</Filter>
    </None>
    <None Include="res\shaders\Basic.frag">
      <Filter>Resource Files\Shaders</Filter>
    </None>
    <None Include="res\shaders\Skybox.vert">
      <Filter>Resource Files\Shaders</Filter>
    </None>
    <None Include="res\shaders\Skybox.frag">
      <Filter>Resource Files\Shaders</Filter>
    </None>
    <None Include="res\shaders\Reflection.vert">
      <Filter>Resource Files\Shaders</Filter>
    </None>
    <None Include="res\shaders\Reflection.frag">
      <Filter>Resource Files\Shaders</Filter>
    </None>
    <None Include="res\shaders\Layered.geom">
      <Filter>Resource Files\Shaders</Filter>
    </None>
    <None Include="res\shaders\Layered.vert">
      <Filter>Resource Files\Shaders</Filter>
    </None>
    <None Include="res\shaders\Layered.frag">
      <Filter>Resource Files\Shaders</Filter>
    </None>
    <None Include="res\shaders\SkyboxLayered.vert">
      <Filter>Resource Files\Shaders</Filter>
    </None>
    <None Include="res\shaders\SkyboxLayered.geom">
      <Filter>Resource Files\Shaders</Filter>
    </None>
    <None Include="res\shaders\ParticleSystem.comp">
      <Filter>Resource Files\Shaders</Filter>
    </None>
    <None Include="res\shaders\Particles.vert">
      <Filter>Resource Files\Shaders</Filter>
    </None>
    <None Include="res\shaders\Particles.frag">
      <Filter>Resource Files\Shaders</Filter>
    </None>
    <None Include="res\shaders\Cloth.comp">
      <Filter>Resource Files\Shaders</Filter>
    </None>
    <None Include="res\shaders\ClothNormals.comp">
      <Filter>Resource Files\Shaders</Filter>
    </None>
  </ItemGroup>
</Project>